
Microsoft Visual Studio Solution File, Format Version 12.00
# Visual Studio 15
VisualStudioVersion = 15.0.26430.6
MinimumVisualStudioVersion = 10.0.40219.1
Project("{2150E333-8FDC-42A3-9474-1A3956D46DE8}") = "src", "src", "{72AD9D7C-B2D4-FA6B-0D2C-F5CDAFB54165}"
EndProject
Project("{2150E333-8FDC-42A3-9474-1A3956D46DE8}") = "test", "test", "{E7BD5333-F1AB-B05D-7872-1D811491846C}"
EndProject
Project("{2150E333-8FDC-42A3-9474-1A3956D46DE8}") = "samples", "samples", "{C6692B10-95E8-4A3A-99D2-970922126B9E}"
EndProject
Project("{2150E333-8FDC-42A3-9474-1A3956D46DE8}") = "Solution Items", "Solution Items", "{6B3CA487-C8C4-4DF6-9ED5-9D2008B09E82}"
	ProjectSection(SolutionItems) = preProject
		CHANGELOG.md = CHANGELOG.md
		README.md = README.md
	EndProjectSection
EndProject
Project("{9A19103F-16F7-4668-BE54-9A1E7A4F7556}") = "Digipolis.Web", "src\Digipolis.Web\Digipolis.Web.csproj", "{5810E06F-5862-474A-AB9C-6E78DEA226D4}"
EndProject
Project("{9A19103F-16F7-4668-BE54-9A1E7A4F7556}") = "Digipolis.Web.UnitTests", "test\Digipolis.Web.UnitTests\Digipolis.Web.UnitTests.csproj", "{A1B1392C-D7E2-4567-AD0B-ACBDBE02DBC3}"
EndProject
Project("{9A19103F-16F7-4668-BE54-9A1E7A4F7556}") = "Digipolis.Web.SampleApi", "samples\Digipolis.Web.SampleApi\Digipolis.Web.SampleApi.csproj", "{3A1752C4-5D78-444A-A910-A38D03A05E5C}"
EndProject
Global
	GlobalSection(SolutionConfigurationPlatforms) = preSolution
		Debug|Any CPU = Debug|Any CPU
		Release|Any CPU = Release|Any CPU
	EndGlobalSection
	GlobalSection(ProjectConfigurationPlatforms) = postSolution
		{5810E06F-5862-474A-AB9C-6E78DEA226D4}.Debug|Any CPU.ActiveCfg = Debug|Any CPU
		{5810E06F-5862-474A-AB9C-6E78DEA226D4}.Debug|Any CPU.Build.0 = Debug|Any CPU
		{5810E06F-5862-474A-AB9C-6E78DEA226D4}.Release|Any CPU.ActiveCfg = Release|Any CPU
		{5810E06F-5862-474A-AB9C-6E78DEA226D4}.Release|Any CPU.Build.0 = Release|Any CPU
		{A1B1392C-D7E2-4567-AD0B-ACBDBE02DBC3}.Debug|Any CPU.ActiveCfg = Debug|Any CPU
		{A1B1392C-D7E2-4567-AD0B-ACBDBE02DBC3}.Debug|Any CPU.Build.0 = Debug|Any CPU
		{A1B1392C-D7E2-4567-AD0B-ACBDBE02DBC3}.Release|Any CPU.ActiveCfg = Release|Any CPU
		{A1B1392C-D7E2-4567-AD0B-ACBDBE02DBC3}.Release|Any CPU.Build.0 = Release|Any CPU
		{3A1752C4-5D78-444A-A910-A38D03A05E5C}.Debug|Any CPU.ActiveCfg = Debug|Any CPU
		{3A1752C4-5D78-444A-A910-A38D03A05E5C}.Debug|Any CPU.Build.0 = Debug|Any CPU
		{3A1752C4-5D78-444A-A910-A38D03A05E5C}.Release|Any CPU.ActiveCfg = Release|Any CPU
		{3A1752C4-5D78-444A-A910-A38D03A05E5C}.Release|Any CPU.Build.0 = Release|Any CPU
	EndGlobalSection
	GlobalSection(SolutionProperties) = preSolution
		HideSolutionNode = FALSE
	EndGlobalSection
	GlobalSection(NestedProjects) = preSolution
		{5810E06F-5862-474A-AB9C-6E78DEA226D4} = {72AD9D7C-B2D4-FA6B-0D2C-F5CDAFB54165}
		{A1B1392C-D7E2-4567-AD0B-ACBDBE02DBC3} = {E7BD5333-F1AB-B05D-7872-1D811491846C}
		{3A1752C4-5D78-444A-A910-A38D03A05E5C} = {C6692B10-95E8-4A3A-99D2-970922126B9E}
	EndGlobalSection
EndGlobal
